
Microsoft Visual Studio Solution File, Format Version 12.00
# Visual Studio 2017
Project("{FAE04EC0-301F-11D3-BF4B-00C04F79EFBC}") = "Mirror.Plugins", "Mirror.Plugins.csproj", "{370802FB-1801-5939-CDB5-D8BF90EDC0A6}"
EndProject
Project("{FAE04EC0-301F-11D3-BF4B-00C04F79EFBC}") = "Mirror", "Mirror.csproj", "{CB53D22C-422C-4965-81DC-E3FA052D326C}"
EndProject
Project("{FAE04EC0-301F-11D3-BF4B-00C04F79EFBC}") = "Mirror.Editor", "Mirror.Editor.csproj", "{37982069-3037-B513-777C-DA49223FDA93}"
EndProject
Project("{FAE04EC0-301F-11D3-BF4B-00C04F79EFBC}") = "Mirror.Editor.Plugins", "Mirror.Editor.Plugins.csproj", "{CC7CEA49-C5EC-7541-AE91-BD8A8A768B8C}"
EndProject
Global
	GlobalSection(SolutionConfigurationPlatforms) = preSolution
		Debug|Any CPU = Debug|Any CPU
		Release|Any CPU = Release|Any CPU
	EndGlobalSection
	GlobalSection(ProjectConfigurationPlatforms) = postSolution
		{370802FB-1801-5939-CDB5-D8BF90EDC0A6}.Debug|Any CPU.ActiveCfg = Debug|Any CPU
		{370802FB-1801-5939-CDB5-D8BF90EDC0A6}.Debug|Any CPU.Build.0 = Debug|Any CPU
		{370802FB-1801-5939-CDB5-D8BF90EDC0A6}.Release|Any CPU.ActiveCfg = Release|Any CPU
		{370802FB-1801-5939-CDB5-D8BF90EDC0A6}.Release|Any CPU.Build.0 = Release|Any CPU
		{CB53D22C-422C-4965-81DC-E3FA052D326C}.Debug|Any CPU.ActiveCfg = Debug|Any CPU
		{CB53D22C-422C-4965-81DC-E3FA052D326C}.Debug|Any CPU.Build.0 = Debug|Any CPU
		{CB53D22C-422C-4965-81DC-E3FA052D326C}.Release|Any CPU.ActiveCfg = Release|Any CPU
		{CB53D22C-422C-4965-81DC-E3FA052D326C}.Release|Any CPU.Build.0 = Release|Any CPU
		{37982069-3037-B513-777C-DA49223FDA93}.Debug|Any CPU.ActiveCfg = Debug|Any CPU
		{37982069-3037-B513-777C-DA49223FDA93}.Debug|Any CPU.Build.0 = Debug|Any CPU
		{37982069-3037-B513-777C-DA49223FDA93}.Release|Any CPU.ActiveCfg = Release|Any CPU
		{37982069-3037-B513-777C-DA49223FDA93}.Release|Any CPU.Build.0 = Release|Any CPU
		{CC7CEA49-C5EC-7541-AE91-BD8A8A768B8C}.Debug|Any CPU.ActiveCfg = Debug|Any CPU
		{CC7CEA49-C5EC-7541-AE91-BD8A8A768B8C}.Debug|Any CPU.Build.0 = Debug|Any CPU
		{CC7CEA49-C5EC-7541-AE91-BD8A8A768B8C}.Release|Any CPU.ActiveCfg = Release|Any CPU
		{CC7CEA49-C5EC-7541-AE91-BD8A8A768B8C}.Release|Any CPU.Build.0 = Release|Any CPU
	EndGlobalSection
	GlobalSection(SolutionProperties) = preSolution
		HideSolutionNode = FALSE
	EndGlobalSection
EndGlobal
